
Microsoft Visual Studio Solution File, Format Version 12.00
# Visual Studio Version 16
VisualStudioVersion = 16.0.30503.244
MinimumVisualStudioVersion = 10.0.40219.1
Project("{8BC9CEB8-8B4A-11D0-8D11-00A0C91BC942}") = "Ule4Jis", "Ule4Jis\Ule4Jis.vcxproj", "{3CF351D6-9F8D-4A85-B388-95B6730AE77F}"
EndProject
Global
	GlobalSection(SolutionConfigurationPlatforms) = preSolution
		Debug|Win32 = Debug|Win32
		Release|Win32 = Release|Win32
	EndGlobalSection
	GlobalSection(ProjectConfigurationPlatforms) = postSolution
		{3CF351D6-9F8D-4A85-B388-95B6730AE77F}.Debug|Win32.ActiveCfg = Debug|Win32
		{3CF351D6-9F8D-4A85-B388-95B6730AE77F}.Debug|Win32.Build.0 = Debug|Win32
		{3CF351D6-9F8D-4A85-B388-95B6730AE77F}.Release|Win32.ActiveCfg = Release|Win32
		{3CF351D6-9F8D-4A85-B388-95B6730AE77F}.Release|Win32.Build.0 = Release|Win32
	EndGlobalSection
	GlobalSection(SolutionProperties) = preSolution
		HideSolutionNode = FALSE
	EndGlobalSection
	GlobalSection(ExtensibilityGlobals) = postSolution
		SolutionGuid = {B9D60FC9-7252-49B5-ADEA-B85342D52749}
	EndGlobalSection
EndGlobal
